{
    "name": "devtools-ios-extension-assets",
    "version": "1.0.0",
    "lockfileVersion": 3,
    "requires": true,
    "packages": {
        "": {
            "name": "devtools-ios-extension-assets",
            "version": "1.0.0",
            "dependencies": {
                "eruda": "3.4.3",
                "eruda-code": "2.2.0",
                "eruda-dom": "2.0.0",
                "eruda-features": "2.1.0",
                "eruda-fps": "2.0.0",
                "eruda-timing": "2.0.1",
                "eruda-vue": "1.1.1",
                "eruda-vue-devtools": "1.0.1",
                "vconsole": "3.15.1",
                "vue-vconsole-devtools": "1.0.9"
            },
            "devDependencies": {
                "@playwright/test": "1.63.0",
                "prettier": "3.9.9",
                "xcode": "3.0.1"
            }
        },
        "node_modules/@babel/runtime": {
            "version": "7.29.7",
            "resolved": "https://registry.npmjs.org/@babel/runtime/-/runtime-7.29.7.tgz",
            "integrity": "sha512-Nq8OhGWiZIZGV6hLHoyAKLLcJihP/xFeBMGJoUrxTX2psI8dCifzLhZISFb+VWS3wFMRDmCGw5R+dOySCqPLhw==",
            "license": "MIT",
            "engines": {
                "node": ">=6.9.0"
            }
        },
        "node_modules/@playwright/test": {
            "version": "1.63.0",
            "resolved": "https://registry.npmjs.org/@playwright/test/-/test-1.63.0.tgz",
            "integrity": "sha512-oxMK4vllB9RK5NQ2l1pq1IfOf2AvnEuj/vYGDj0H2nMtmtZpKtCwt/l00GEO6xjGfpBNAvjovvYdCm50dRQkpQ==",
            "dev": true,
            "license": "Apache-2.0",
            "dependencies": {
                "playwright": "1.63.0"
            },
            "bin": {
                "playwright": "cli.js"
            },
            "engines": {
                "node": ">=20"
            }
        },
        "node_modules/@xmldom/xmldom": {
            "version": "0.9.12",
            "resolved": "https://registry.npmjs.org/@xmldom/xmldom/-/xmldom-0.9.12.tgz",
            "integrity": "sha512-5AXjrcMClTryPe9LgZrygpB1lj7s0S9E0+W+AHaVKAVyHanafK86iPSvG5xHVSp/jC+VH1UXu0TAEmY279xH7A==",
            "dev": true,
            "license": "MIT",
            "engines": {
                "node": ">=14.6"
            }
        },
        "node_modules/base64-js": {
            "version": "1.5.1",
            "resolved": "https://registry.npmjs.org/base64-js/-/base64-js-1.5.1.tgz",
            "integrity": "sha512-AKpaYlHn8t4SVbOHCy+b5+KKgvR4vrsD8vbvrbiQJps7fKDTkjkDry6ji0rUJjC0kzbNePLwzxq8iypo41qeWA==",
            "dev": true,
            "funding": [
                {
                    "type": "github",
                    "url": "https://github.com/sponsors/feross"
                },
                {
                    "type": "patreon",
                    "url": "https://www.patreon.com/feross"
                },
                {
                    "type": "consulting",
                    "url": "https://feross.org/support"
                }
            ],
            "license": "MIT"
        },
        "node_modules/big-integer": {
            "version": "1.6.52",
            "resolved": "https://registry.npmjs.org/big-integer/-/big-integer-1.6.52.tgz",
            "integrity": "sha512-QxD8cf2eVqJOOz63z6JIN9BzvVs/dlySa5HGSBH5xtR8dPteIRQnBxxKqkNTiT6jbDTF6jAfrd4oMcND9RGbQg==",
            "dev": true,
            "license": "Unlicense",
            "engines": {
                "node": ">=0.6"
            }
        },
        "node_modules/bplist-creator": {
            "version": "0.1.0",
            "resolved": "https://registry.npmjs.org/bplist-creator/-/bplist-creator-0.1.0.tgz",
            "integrity": "sha512-sXaHZicyEEmY86WyueLTQesbeoH/mquvarJaQNbjuOQO+7gbFcDEWqKmcWA4cOTLzFlfgvkiVxolk1k5bBIpmg==",
            "dev": true,
            "license": "MIT",
            "dependencies": {
                "stream-buffers": "2.2.x"
            }
        },
        "node_modules/bplist-parser": {
            "version": "0.3.1",
            "resolved": "https://registry.npmjs.org/bplist-parser/-/bplist-parser-0.3.1.tgz",
            "integrity": "sha512-PyJxiNtA5T2PlLIeBot4lbp7rj4OadzjnMZD/G5zuBNt8ei/yCU7+wW0h2bag9vr8c+/WuRWmSxbqAl9hL1rBA==",
            "dev": true,
            "license": "MIT",
            "dependencies": {
                "big-integer": "1.6.x"
            },
            "engines": {
                "node": ">= 5.10.0"
            }
        },
        "node_modules/copy-text-to-clipboard": {
            "version": "3.2.2",
            "resolved": "https://registry.npmjs.org/copy-text-to-clipboard/-/copy-text-to-clipboard-3.2.2.tgz",
            "integrity": "sha512-T6SqyLd1iLuqPA90J5N4cTalrtovCySh58iiZDGJ6FGznbclKh4UI+FGacQSgFzwKG77W7XT5gwbVEbd9cIH1A==",
            "license": "MIT",
            "engines": {
                "node": ">=12"
            },
            "funding": {
                "url": "https://github.com/sponsors/sindresorhus"
            }
        },
        "node_modules/core-js": {
            "version": "3.50.0",
            "resolved": "https://registry.npmjs.org/core-js/-/core-js-3.50.0.tgz",
            "integrity": "sha512-BRWgOLKkFeCgRudR6zrs8p9XJZcE14grzKMMssoYrk6krtuEZ7MTKPIY5RzOnqsEKIR9kst7wNzphttraT+Yqw==",
            "hasInstallScript": true,
            "license": "MIT",
            "engines": {
                "node": "*"
            },
            "funding": {
                "type": "opencollective",
                "url": "https://opencollective.com/core-js"
            }
        },
        "node_modules/eruda": {
            "version": "3.4.3",
            "resolved": "https://registry.npmjs.org/eruda/-/eruda-3.4.3.tgz",
            "integrity": "sha512-J2TsF4dXSspOXev5bJ6mljv0dRrxj21wklrDzbvPmYaEmVoC+2psylyRi70nUPFh1mTQfIBsSusUtAMZtUN+/w==",
            "license": "MIT"
        },
        "node_modules/eruda-code": {
            "version": "2.2.0",
            "resolved": "https://registry.npmjs.org/eruda-code/-/eruda-code-2.2.0.tgz",
            "integrity": "sha512-1fw9yVqBr22Dj11B81Tx9PSjHKHWZIwaIYNTDnsV4tc3m9FGemr5LH0LJkxDDPBKQb3gnVo5/aCb45o1qBPH4Q=="
        },
        "node_modules/eruda-dom": {
            "version": "2.0.0",
            "resolved": "https://registry.npmjs.org/eruda-dom/-/eruda-dom-2.0.0.tgz",
            "integrity": "sha512-aVsfmHow+LwInEBvn57WY5vQLNL9uJ8goV6mKTazhOWweI1h/XyqvNt1ojZjQvLM66kWDTgUNuugrP3k6KWDyw==",
            "license": "MIT"
        },
        "node_modules/eruda-features": {
            "version": "2.1.0",
            "resolved": "https://registry.npmjs.org/eruda-features/-/eruda-features-2.1.0.tgz",
            "integrity": "sha512-RKrI0GDZqeUGeRWPFodsIuxxCU9j0t1LqIe601cQ+ZLyxA4TH8VRRQWNZjvnT6O2XS7TnlXVh0xPD2eJTiXFzQ==",
            "license": "MIT"
        },
        "node_modules/eruda-fps": {
            "version": "2.0.0",
            "resolved": "https://registry.npmjs.org/eruda-fps/-/eruda-fps-2.0.0.tgz",
            "integrity": "sha512-7IkkU3VUs5+cSNpP9U6avrt9LThN/HsK79n9BE6lPvdxnEGqE9doJkcCZNE2AjIp0ZSgrNNXhPP8tTk7B5mdFw==",
            "license": "MIT"
        },
        "node_modules/eruda-timing": {
            "version": "2.0.1",
            "resolved": "https://registry.npmjs.org/eruda-timing/-/eruda-timing-2.0.1.tgz",
            "integrity": "sha512-68Cir2pjgw4kkamabhZMrn00uuGt9uTltAflzGQhr6yeG2nB+dRXFEn2whJGvwinBA9GKMpselsH529LNWKJIw==",
            "license": "MIT"
        },
        "node_modules/eruda-vue": {
            "version": "1.1.1",
            "resolved": "https://registry.npmjs.org/eruda-vue/-/eruda-vue-1.1.1.tgz",
            "integrity": "sha512-xnVsH4mcCLSYnToS/0fmKVA471xcJk+XSQBJ6GDOL5vSwaY009wTzkGgsDlekNt3o0V7UPSndd5LZ2Qv6yP+bA==",
            "license": "MIT",
            "workspaces": [
                "vue-devtools/packages/*"
            ]
        },
        "node_modules/eruda-vue-devtools": {
            "version": "1.0.1",
            "resolved": "https://registry.npmjs.org/eruda-vue-devtools/-/eruda-vue-devtools-1.0.1.tgz",
            "integrity": "sha512-6VZ7BwIS2RG0oFdkDe0P03c/mKa7qM42qX0meQ5yzhWrusrSss/hRoFzlT013pVv4BQEmcAQLZZDvUI3R7vn9g==",
            "license": "MIT"
        },
        "node_modules/mutation-observer": {
            "version": "1.0.3",
            "resolved": "https://registry.npmjs.org/mutation-observer/-/mutation-observer-1.0.3.tgz",
            "integrity": "sha512-M/O/4rF2h776hV7qGMZUH3utZLO/jK7p8rnNgGkjKUw8zCGjRQPxB8z6+5l8+VjRUQ3dNYu4vjqXYLr+U8ZVNA=="
        },
        "node_modules/playwright": {
            "version": "1.63.0",
            "resolved": "https://registry.npmjs.org/playwright/-/playwright-1.63.0.tgz",
            "integrity": "sha512-+7ziBLidS4NaNCdt57SUDT+wYmmd5fmiQejUic/kb+YsYSCPyOOE9sebzMjNmQrsnNpDJqd4WHvV/8lfKfUDUg==",
            "dev": true,
            "license": "Apache-2.0",
            "dependencies": {
                "playwright-core": "1.63.0"
            },
            "bin": {
                "playwright": "cli.js"
            },
            "engines": {
                "node": ">=20"
            }
        },
        "node_modules/playwright-core": {
            "version": "1.63.0",
            "resolved": "https://registry.npmjs.org/playwright-core/-/playwright-core-1.63.0.tgz",
            "integrity": "sha512-rYCsBF/M5HjUch52bbtVONEFjv6Xu8sm8h72dNlR5bzIE1fvC/bxgspzkjSfU+MweEMmPM8KJebG6nnyxo5mCg==",
            "dev": true,
            "license": "Apache-2.0",
            "bin": {
                "playwright-core": "cli.js"
            },
            "engines": {
                "node": ">=20"
            }
        },
        "node_modules/plist": {
            "version": "3.1.1",
            "resolved": "https://registry.npmjs.org/plist/-/plist-3.1.1.tgz",
            "integrity": "sha512-ZIfcLJC+7E7FBFnDxm9MPmt7D+DidyQ26lewieO75AdhA2ayMtsJSES0iWzqJQbcVRSrTufQoy0DR94xHue0oA==",
            "dev": true,
            "license": "MIT",
            "dependencies": {
                "@xmldom/xmldom": "^0.9.10",
                "base64-js": "^1.5.1",
                "xmlbuilder": "^15.1.1"
            },
            "engines": {
                "node": ">=10.4.0"
            }
        },
        "node_modules/prettier": {
            "version": "3.9.9",
            "resolved": "https://registry.npmjs.org/prettier/-/prettier-3.9.9.tgz",
            "integrity": "sha512-Z/CJHIkdujO/OtN7nXUii0Rf3VT5SRuhjBA82Xvu2XhBUgX3nhP67T0LHceBdQLex7OOFGTox+Q5Yg8Jk2Qivg==",
            "dev": true,
            "license": "MIT",
            "bin": {
                "prettier": "bin/prettier.cjs"
            },
            "engines": {
                "node": ">=14"
            },
            "funding": {
                "url": "https://github.com/prettier/prettier?sponsor=1"
            }
        },
        "node_modules/simple-plist": {
            "version": "1.3.1",
            "resolved": "https://registry.npmjs.org/simple-plist/-/simple-plist-1.3.1.tgz",
            "integrity": "sha512-iMSw5i0XseMnrhtIzRb7XpQEXepa9xhWxGUojHBL43SIpQuDQkh3Wpy67ZbDzZVr6EKxvwVChnVpdl8hEVLDiw==",
            "dev": true,
            "license": "MIT",
            "dependencies": {
                "bplist-creator": "0.1.0",
                "bplist-parser": "0.3.1",
                "plist": "^3.0.5"
            }
        },
        "node_modules/stream-buffers": {
            "version": "2.2.0",
            "resolved": "https://registry.npmjs.org/stream-buffers/-/stream-buffers-2.2.0.tgz",
            "integrity": "sha512-uyQK/mx5QjHun80FLJTfaWE7JtwfRMKBLkMne6udYOmvH0CawotVa7TfgYHzAnpphn4+TweIx1QKMnRIbipmUg==",
            "dev": true,
            "license": "Unlicense",
            "engines": {
                "node": ">= 0.10.0"
            }
        },
        "node_modules/uuid": {
            "version": "7.0.3",
            "resolved": "https://registry.npmjs.org/uuid/-/uuid-7.0.3.tgz",
            "integrity": "sha512-DPSke0pXhTZgoF/d+WSt2QaKMCFSfx7QegxEWT+JOuHF5aWrKEn0G+ztjuJg/gG8/ItK+rbPCD/yNv8yyih6Cg==",
            "deprecated": "uuid@10 and below is no longer supported.  For ESM codebases, update to uuid@latest.  For CommonJS codebases, use uuid@11 (but be aware this version will likely be deprecated in 2028).",
            "dev": true,
            "license": "MIT",
            "bin": {
                "uuid": "dist/bin/uuid"
            }
        },
        "node_modules/vconsole": {
            "version": "3.15.1",
            "resolved": "https://registry.npmjs.org/vconsole/-/vconsole-3.15.1.tgz",
            "integrity": "sha512-KH8XLdrq9T5YHJO/ixrjivHfmF2PC2CdVoK6RWZB4yftMykYIaXY1mxZYAic70vADM54kpMQF+dYmvl5NRNy1g==",
            "license": "MIT",
            "dependencies": {
                "@babel/runtime": "^7.17.2",
                "copy-text-to-clipboard": "^3.0.1",
                "core-js": "^3.11.0",
                "mutation-observer": "^1.0.3"
            }
        },
        "node_modules/vue-vconsole-devtools": {
            "version": "1.0.9",
            "resolved": "https://registry.npmjs.org/vue-vconsole-devtools/-/vue-vconsole-devtools-1.0.9.tgz",
            "integrity": "sha512-8BqwPmingNOvxL3zW42f/eXNIDyJmmHaxkj7Bh0r02Xh+HIQs88fxr6K/Rti3YOt47PMxammOFYNkOZAgKbCcg==",
            "license": "MIT"
        },
        "node_modules/xcode": {
            "version": "3.0.1",
            "resolved": "https://registry.npmjs.org/xcode/-/xcode-3.0.1.tgz",
            "integrity": "sha512-kCz5k7J7XbJtjABOvkc5lJmkiDh8VhjVCGNiqdKCscmVpdVUpEAyXv1xmCLkQJ5dsHqx3IPO4XW+NTDhU/fatA==",
            "dev": true,
            "license": "Apache-2.0",
            "dependencies": {
                "simple-plist": "^1.1.0",
                "uuid": "^7.0.3"
            },
            "engines": {
                "node": ">=10.0.0"
            }
        },
        "node_modules/xmlbuilder": {
            "version": "15.1.1",
            "resolved": "https://registry.npmjs.org/xmlbuilder/-/xmlbuilder-15.1.1.tgz",
            "integrity": "sha512-yMqGBqtXyeN1e3TGYvgNgDVZ3j84W4cwkOXQswghol6APgZWaff9lnbvN7MHYJOiXsvGPXtjTYJEiC9J2wv9Eg==",
            "dev": true,
            "license": "MIT",
            "engines": {
                "node": ">=8.0"
            }
        }
    }
}
